
Microsoft Visual Studio Solution File, Format Version 12.00
# Visual Studio 15
VisualStudioVersion = 15.0.28307.329
MinimumVisualStudioVersion = 10.0.40219.1
Project("{FAE04EC0-301F-11D3-BF4B-00C04F79EFBC}") = "MovieManager", "MovieManager\MovieManager.csproj", "{66732600-CC31-4E4E-904C-B6C6EF1B7576}"
EndProject
Project("{FAE04EC0-301F-11D3-BF4B-00C04F79EFBC}") = "EncryptExtension", "EncryptExtension\EncryptExtension.csproj", "{AE738003-8287-43CB-BF2F-88D508324C84}"
EndProject
Global
	GlobalSection(SolutionConfigurationPlatforms) = preSolution
		Debug|Any CPU = Debug|Any CPU
		Release|Any CPU = Release|Any CPU
	EndGlobalSection
	GlobalSection(ProjectConfigurationPlatforms) = postSolution
		{66732600-CC31-4E4E-904C-B6C6EF1B7576}.Debug|Any CPU.ActiveCfg = Debug|Any CPU
		{66732600-CC31-4E4E-904C-B6C6EF1B7576}.Debug|Any CPU.Build.0 = Debug|Any CPU
		{66732600-CC31-4E4E-904C-B6C6EF1B7576}.Release|Any CPU.ActiveCfg = Release|Any CPU
		{66732600-CC31-4E4E-904C-B6C6EF1B7576}.Release|Any CPU.Build.0 = Release|Any CPU
		{AE738003-8287-43CB-BF2F-88D508324C84}.Debug|Any CPU.ActiveCfg = Debug|Any CPU
		{AE738003-8287-43CB-BF2F-88D508324C84}.Debug|Any CPU.Build.0 = Debug|Any CPU
		{AE738003-8287-43CB-BF2F-88D508324C84}.Release|Any CPU.ActiveCfg = Release|Any CPU
		{AE738003-8287-43CB-BF2F-88D508324C84}.Release|Any CPU.Build.0 = Release|Any CPU
	EndGlobalSection
	GlobalSection(SolutionProperties) = preSolution
		HideSolutionNode = FALSE
	EndGlobalSection
	GlobalSection(ExtensibilityGlobals) = postSolution
		SolutionGuid = {FD10AA02-C752-4D28-AD87-7CB1FECC122B}
	EndGlobalSection
EndGlobal
